{
  "name": "bs",
  "version": "0.1.0",
  "lockfileVersion": 1,
  "requires": true,
  "dependencies": {
    "bs-platform": {
      "version": "4.0.18",
      "resolved": "https://registry.npmjs.org/bs-platform/-/bs-platform-4.0.18.tgz",
      "integrity": "sha512-BwzW0iYHvREqUZIgQxJmdJrxexppLvJxYQ4LLexbhCp7uZU5DIZ5ub4ZHpkCkc8fn8bsXWc+Rrejb3csi+BoAQ==",
      "dev": true
    },
    "tablecloth-bucklescript": {
      "version": "0.0.1",
      "resolved": "https://registry.npmjs.org/tablecloth-bucklescript/-/tablecloth-bucklescript-0.0.1.tgz",
      "integrity": "sha512-e16Efk1+G6ONR0uj4Zb3r5lpS+Cbcob1TJrh/4i8tS/qol1Gb0ydNVB37BaGU2BekQFTiGM/ewrO5W/Aj6Mhyw=="
    }
  }
}
