{
  "name": "bucklescript-integration-test",
  "version": "0.1.0",
  "lockfileVersion": 2,
  "requires": true,
  "packages": {
    "": {
      "name": "bucklescript-integration-test",
      "version": "0.1.0",
      "license": "MIT",
      "dependencies": {
        "tablecloth-bucklescript": "../"
      },
      "devDependencies": {
        "rescript": "9.1.4"
      }
    },
    "..": {
      "name": "tablecloth-bucklescript",
      "version": "0.0.8",
      "license": "MIT",
      "devDependencies": {
        "@glennsl/bs-jest": "0.5.1",
        "rescript": "9.1.4"
      }
    },
    "../rescript": {
      "extraneous": true
    },
    "node_modules/rescript": {
      "version": "9.1.4",
      "resolved": "https://registry.npmjs.org/rescript/-/rescript-9.1.4.tgz",
      "integrity": "sha512-aXANK4IqecJzdnDpJUsU6pxMViCR5ogAxzuqS0mOr8TloMnzAjJFu63fjD6LCkWrKAhlMkFFzQvVQYaAaVkFXw==",
      "dev": true,
      "hasInstallScript": true,
      "bin": {
        "bsc": "bsc",
        "bsrefmt": "bsrefmt",
        "bstracing": "lib/bstracing",
        "rescript": "rescript"
      }
    },
    "node_modules/tablecloth-bucklescript": {
      "resolved": "..",
      "link": true
    }
  },
  "dependencies": {
    "rescript": {
      "version": "9.1.4",
      "resolved": "https://registry.npmjs.org/rescript/-/rescript-9.1.4.tgz",
      "integrity": "sha512-aXANK4IqecJzdnDpJUsU6pxMViCR5ogAxzuqS0mOr8TloMnzAjJFu63fjD6LCkWrKAhlMkFFzQvVQYaAaVkFXw==",
      "dev": true
    },
    "tablecloth-bucklescript": {
      "version": "file:..",
      "requires": {
        "@glennsl/bs-jest": "0.5.1",
        "rescript": "9.1.4"
      }
    }
  }
}
